
Microsoft Visual Studio Solution File, Format Version 12.00
# Visual Studio Version 17
VisualStudioVersion = 17.11.35219.272
MinimumVisualStudioVersion = 10.0.40219.1
Project("{FAE04EC0-301F-11D3-BF4B-00C04F79EFBC}") = "ParcelSortingTARge23", "ParcelSortingTARge23\ParcelSortingTARge23.csproj", "{A7A55456-93C8-4BAD-BC5F-076683FD3677}"
EndProject
Global
	GlobalSection(SolutionConfigurationPlatforms) = preSolution
		Debug|Any CPU = Debug|Any CPU
		Release|Any CPU = Release|Any CPU
	EndGlobalSection
	GlobalSection(ProjectConfigurationPlatforms) = postSolution
		{A7A55456-93C8-4BAD-BC5F-076683FD3677}.Debug|Any CPU.ActiveCfg = Debug|Any CPU
		{A7A55456-93C8-4BAD-BC5F-076683FD3677}.Debug|Any CPU.Build.0 = Debug|Any CPU
		{A7A55456-93C8-4BAD-BC5F-076683FD3677}.Release|Any CPU.ActiveCfg = Release|Any CPU
		{A7A55456-93C8-4BAD-BC5F-076683FD3677}.Release|Any CPU.Build.0 = Release|Any CPU
	EndGlobalSection
	GlobalSection(SolutionProperties) = preSolution
		HideSolutionNode = FALSE
	EndGlobalSection
	GlobalSection(ExtensibilityGlobals) = postSolution
		SolutionGuid = {AF827593-E350-4021-969B-299C22EDD7DA}
	EndGlobalSection
EndGlobal
